hash: bcc01af0647fb5989051c47b5f705960ea25b669f10c3f90e730cfb90682c122
updated: 2016-09-01T12:08:43.536548542-07:00
imports:
- name: github.com/autrilla/yaml
  version: 8ac3c7b2b592354bed79f33de3e3c83e573b9129
- name: github.com/aws/aws-sdk-go
  version: d6b4bfeba6997082629986cac2a932a233ba745e
  subpackages:
  - aws
  - aws/awserr
  - aws/awsutil
  - aws/client
  - aws/client/metadata
  - aws/corehandlers
  - aws/credentials
  - aws/credentials/ec2rolecreds
  - aws/credentials/endpointcreds
  - aws/credentials/stscreds
  - aws/defaults
  - aws/ec2metadata
  - aws/request
  - aws/session
  - aws/signer/v4
  - private/endpoints
  - private/protocol
  - private/protocol/json/jsonutil
  - private/protocol/jsonrpc
  - private/protocol/query
  - private/protocol/query/queryutil
  - private/protocol/rest
  - private/protocol/xml/xmlutil
  - private/waiter
  - service/iam
  - service/kms
  - service/kms/kmsiface
  - service/sts
- name: github.com/cenkalti/backoff
  version: cdf48bbc1eb78d1349cbda326a4a037f7ba565c6
- name: github.com/davecgh/go-spew
  version: 6cf5744a041a0022271cefed95ba843f6d87fd51
  subpackages:
  - spew
- name: github.com/go-ini/ini
  version: 9144852efba7c4daf409943ee90767da62d55438
- name: github.com/golang/protobuf
  version: 888eb0692c857ec880338addf316bd662d5e630e
  subpackages:
  - proto
- name: github.com/google/go-github
  version: a59a35745f99ad92d70d69a9f180767063aa4bf3
  subpackages:
  - github
- name: github.com/google/go-querystring
  version: 9235644dd9e52eeae6fa48efd539fdc351a0af53
  subpackages:
  - query
- name: github.com/gorhill/cronexpr
  version: a557574d6c024ed6e36acc8b610f5f211c91568a
- name: github.com/howeyc/gopass
  version: b63a7d07e65df376d14e2d72907a93d4847dffe4
- name: github.com/jmespath/go-jmespath
  version: bd40a432e4c76585ef6b72d3fd96fb9b6dc7b68d
- name: github.com/PagerDuty/go-pagerduty
  version: 11b4be1545cdc8617b4bf5d13cdcd5333611b353
- name: github.com/pmezard/go-difflib
  version: 792786c7400a136282c1664665ae0a8db921c6c2
  subpackages:
  - difflib
- name: github.com/Sirupsen/logrus
  version: 3ec0642a7fb6488f65b06f9040adc67e3990296a
- name: github.com/stretchr/objx
  version: 1a9d0bb9f541897e62256577b352fdbc1fb4fd94
- name: github.com/stretchr/testify
  version: d77da356e56a7428ad25149ca77381849a6a5232
  subpackages:
  - assert
  - mock
- name: github.com/zorkian/go-datadog-api
  version: 36cc2c5c53025eb0c6076868eecaa8c5b697ddcb
- name: go.mozilla.org/gopgagent
  version: da4f24003cbec8ef26fdd0761e40eab273a02832
- name: go.mozilla.org/mozldap
  version: c029f2c4e75de2e472f7f8dbc8483e009e3ac509
- name: go.mozilla.org/sops
  version: 213242c7e7091dff2873b2ac664c7e32cf0ed8f5
  subpackages:
  - aes
  - kms
  - pgp
  - yaml
- name: golang.org/x/crypto
  version: e0d166c33c321d0ff863f459a5882096e334f508
  subpackages:
  - cast5
  - openpgp
  - openpgp/armor
  - openpgp/elgamal
  - openpgp/errors
  - openpgp/packet
  - openpgp/s2k
  - ssh/terminal
- name: golang.org/x/net
  version: 6250b412798208e6c90b03b7c4f226de5aa299e2
  subpackages:
  - context
- name: golang.org/x/oauth2
  version: 4d549c893be7d4011bab739cc585d091a7188d27
  subpackages:
  - internal
- name: golang.org/x/sys
  version: a646d33e2ee3172a661fc09bca23bb4889a41bc8
  subpackages:
  - unix
- name: gopkg.in/asn1-ber.v1
  version: 4e86f4367175e39f69d9358a5f17b4dda270378d
- name: gopkg.in/ldap.v2
  version: d0a5ced67b4dc310b9158d63a2c6f9c5ec13f105
- name: gopkg.in/yaml.v2
  version: e4d366fc3c7938e2958e662b4258c7a89e1f0e3e
testImports: []
